
Microsoft Visual Studio Solution File, Format Version 12.00
# Visual Studio 15
VisualStudioVersion = 15.0.28307.572
MinimumVisualStudioVersion = 10.0.40219.1
Project("{FAE04EC0-301F-11D3-BF4B-00C04F79EFBC}") = "JeopardyApp", "JeopardyApp\JeopardyApp.csproj", "{63BB7D12-BDA6-488A-AE78-69CC297D662D}"
EndProject
Global
	GlobalSection(SolutionConfigurationPlatforms) = preSolution
		Debug|Any CPU = Debug|Any CPU
		Release|Any CPU = Release|Any CPU
	EndGlobalSection
	GlobalSection(ProjectConfigurationPlatforms) = postSolution
		{63BB7D12-BDA6-488A-AE78-69CC297D662D}.Debug|Any CPU.ActiveCfg = Debug|Any CPU
		{63BB7D12-BDA6-488A-AE78-69CC297D662D}.Debug|Any CPU.Build.0 = Debug|Any CPU
		{63BB7D12-BDA6-488A-AE78-69CC297D662D}.Release|Any CPU.ActiveCfg = Release|Any CPU
		{63BB7D12-BDA6-488A-AE78-69CC297D662D}.Release|Any CPU.Build.0 = Release|Any CPU
	EndGlobalSection
	GlobalSection(SolutionProperties) = preSolution
		HideSolutionNode = FALSE
	EndGlobalSection
	GlobalSection(ExtensibilityGlobals) = postSolution
		SolutionGuid = {E7496E66-85EF-49AC-9B7D-7070CC1E022C}
	EndGlobalSection
	GlobalSection(TeamFoundationVersionControl) = preSolution
		SccNumberOfProjects = 2
		SccEnterpriseProvider = {4CA58AB2-18FA-4F8D-95D4-32DDF27D184C}
		SccTeamFoundationServer = https://cisteam.otc.edu/tfs/am0779663
		SccLocalPath0 = .
		SccProjectUniqueName1 = JeopardyApp\\JeopardyApp.csproj
		SccProjectName1 = JeopardyApp
		SccLocalPath1 = JeopardyApp
	EndGlobalSection
EndGlobal
